
Microsoft Visual Studio Solution File, Format Version 11.00
# Visual Studio 2010
Project("{FAE04EC0-301F-11D3-BF4B-00C04F79EFBC}") = "FoodDelivery", "FoodDelivery\FoodDelivery.csproj", "{BBC0F7E5-9833-4176-AB13-59B7EC318E4F}"
EndProject
Project("{FAE04EC0-301F-11D3-BF4B-00C04F79EFBC}") = "SeverData", "Data\SeverData.csproj", "{9F067595-E972-4F7B-AA31-1782589A7146}"
EndProject
Project("{FAE04EC0-301F-11D3-BF4B-00C04F79EFBC}") = "Server", "Server\Server.csproj", "{980413D8-7E79-4B5E-8921-00EF66AB7912}"
EndProject
Global
	GlobalSection(SolutionConfigurationPlatforms) = preSolution
		Debug|Any CPU = Debug|Any CPU
		Debug|Mixed Platforms = Debug|Mixed Platforms
		Debug|x86 = Debug|x86
		Release|Any CPU = Release|Any CPU
		Release|Mixed Platforms = Release|Mixed Platforms
		Release|x86 = Release|x86
	EndGlobalSection
	GlobalSection(ProjectConfigurationPlatforms) = postSolution
		{BBC0F7E5-9833-4176-AB13-59B7EC318E4F}.Debug|Any CPU.ActiveCfg = Debug|x86
		{BBC0F7E5-9833-4176-AB13-59B7EC318E4F}.Debug|Mixed Platforms.ActiveCfg = Debug|x86
		{BBC0F7E5-9833-4176-AB13-59B7EC318E4F}.Debug|Mixed Platforms.Build.0 = Debug|x86
		{BBC0F7E5-9833-4176-AB13-59B7EC318E4F}.Debug|x86.ActiveCfg = Debug|x86
		{BBC0F7E5-9833-4176-AB13-59B7EC318E4F}.Debug|x86.Build.0 = Debug|x86
		{BBC0F7E5-9833-4176-AB13-59B7EC318E4F}.Release|Any CPU.ActiveCfg = Release|x86
		{BBC0F7E5-9833-4176-AB13-59B7EC318E4F}.Release|Mixed Platforms.ActiveCfg = Release|x86
		{BBC0F7E5-9833-4176-AB13-59B7EC318E4F}.Release|Mixed Platforms.Build.0 = Release|x86
		{BBC0F7E5-9833-4176-AB13-59B7EC318E4F}.Release|x86.ActiveCfg = Release|x86
		{BBC0F7E5-9833-4176-AB13-59B7EC318E4F}.Release|x86.Build.0 = Release|x86
		{9F067595-E972-4F7B-AA31-1782589A7146}.Debug|Any CPU.ActiveCfg = Debug|Any CPU
		{9F067595-E972-4F7B-AA31-1782589A7146}.Debug|Any CPU.Build.0 = Debug|Any CPU
		{9F067595-E972-4F7B-AA31-1782589A7146}.Debug|Mixed Platforms.ActiveCfg = Debug|Any CPU
		{9F067595-E972-4F7B-AA31-1782589A7146}.Debug|Mixed Platforms.Build.0 = Debug|Any CPU
		{9F067595-E972-4F7B-AA31-1782589A7146}.Debug|x86.ActiveCfg = Debug|Any CPU
		{9F067595-E972-4F7B-AA31-1782589A7146}.Release|Any CPU.ActiveCfg = Release|Any CPU
		{9F067595-E972-4F7B-AA31-1782589A7146}.Release|Any CPU.Build.0 = Release|Any CPU
		{9F067595-E972-4F7B-AA31-1782589A7146}.Release|Mixed Platforms.ActiveCfg = Release|Any CPU
		{9F067595-E972-4F7B-AA31-1782589A7146}.Release|Mixed Platforms.Build.0 = Release|Any CPU
		{9F067595-E972-4F7B-AA31-1782589A7146}.Release|x86.ActiveCfg = Release|Any CPU
		{980413D8-7E79-4B5E-8921-00EF66AB7912}.Debug|Any CPU.ActiveCfg = Debug|x86
		{980413D8-7E79-4B5E-8921-00EF66AB7912}.Debug|Mixed Platforms.ActiveCfg = Debug|x86
		{980413D8-7E79-4B5E-8921-00EF66AB7912}.Debug|Mixed Platforms.Build.0 = Debug|x86
		{980413D8-7E79-4B5E-8921-00EF66AB7912}.Debug|x86.ActiveCfg = Debug|x86
		{980413D8-7E79-4B5E-8921-00EF66AB7912}.Debug|x86.Build.0 = Debug|x86
		{980413D8-7E79-4B5E-8921-00EF66AB7912}.Release|Any CPU.ActiveCfg = Release|x86
		{980413D8-7E79-4B5E-8921-00EF66AB7912}.Release|Mixed Platforms.ActiveCfg = Release|x86
		{980413D8-7E79-4B5E-8921-00EF66AB7912}.Release|Mixed Platforms.Build.0 = Release|x86
		{980413D8-7E79-4B5E-8921-00EF66AB7912}.Release|x86.ActiveCfg = Release|x86
		{980413D8-7E79-4B5E-8921-00EF66AB7912}.Release|x86.Build.0 = Release|x86
	EndGlobalSection
	GlobalSection(SolutionProperties) = preSolution
		HideSolutionNode = FALSE
	EndGlobalSection
EndGlobal
